# Generated by conda-lock.
# platform: win-64
# input_hash: 1d76d6ecde0f937dcd236376f9b8ae7fe72e573947a12a457f1758e4d63cea15
@EXPLICIT
https://conda.anaconda.org/conda-forge/win-64/intel-openmp-2024.2.1-h57928b3_1083.conda#2d89243bfb53652c182a7c73182cce4f
https://conda.anaconda.org/conda-forge/noarch/python_abi-3.10-7_cp310.conda#44e871cba2b162368476a84b8d040b6c
https://conda.anaconda.org/conda-forge/noarch/tzdata-2025b-h78e105d_0.conda#4222072737ccff51314b5ece9c7d6f5a
https://conda.anaconda.org/conda-forge/win-64/ucrt-10.0.22621.0-h57928b3_1.conda#6797b005cd0f439c4c5c9ac565783700
https://conda.anaconda.org/conda-forge/noarch/ca-certificates-2025.7.14-h4c7d964_0.conda#40334594f5916bc4c0a0313d64bfe046
https://conda.anaconda.org/conda-forge/win-64/libwinpthread-12.0.0.r4.gg4f2fc60ca-h57928b3_9.conda#08bfa5da6e242025304b206d152479ef
https://conda.anaconda.org/conda-forge/win-64/vc14_runtime-14.44.35208-h818238b_26.conda#14d65350d3f5c8ff163dc4f76d6e2830
https://conda.anaconda.org/conda-forge/win-64/vc-14.3-h41ae7f8_26.conda#18b6bf6f878501547786f7bf8052a34d
https://conda.anaconda.org/conda-forge/win-64/vs2015_runtime-14.44.35208-h38c0c73_26.conda#312f3a0a6b3c5908e79ce24002411e32
https://conda.anaconda.org/conda-forge/win-64/bzip2-1.0.8-h2466b09_7.conda#276e7ffe9ffe39688abc665ef0f45596
https://conda.anaconda.org/conda-forge/win-64/libaec-1.1.4-h20038f6_0.conda#85a2bed45827d77d5b308cb2b165404f
https://conda.anaconda.org/conda-forge/win-64/libexpat-2.7.0-he0c23c2_0.conda#b6f5352fdb525662f4169a0431d2dd7a
https://conda.anaconda.org/conda-forge/win-64/libffi-3.4.6-h537db12_1.conda#85d8fa5e55ed8f93f874b3b23ed54ec6
https://conda.anaconda.org/conda-forge/win-64/libiconv-1.18-h135ad9c_1.conda#21fc5dba2cbcd8e5e26ff976a312122c
https://conda.anaconda.org/conda-forge/win-64/liblzma-5.8.1-h2466b09_2.conda#c15148b2e18da456f5108ccb5e411446
https://conda.anaconda.org/conda-forge/win-64/libsqlite-3.50.2-hf5d6505_2.conda#58f810279ac6caec2d996a56236c3254
https://conda.anaconda.org/conda-forge/win-64/libzlib-1.3.1-h2466b09_2.conda#41fbfac52c601159df6c01f875de31b9
https://conda.anaconda.org/conda-forge/win-64/lz4-c-1.10.0-h2466b09_1.conda#0b69331897a92fac3d8923549d48d092
https://conda.anaconda.org/conda-forge/win-64/openssl-3.5.1-h725018a_0.conda#d124fc2fd7070177b5e2450627f8fc1a
https://conda.anaconda.org/conda-forge/win-64/snappy-1.2.1-h500f7fa_1.conda#e32fb978aaea855ddce624eb8c8eb69a
https://conda.anaconda.org/conda-forge/win-64/tk-8.6.13-h2c6b04d_2.conda#ebd0e761de9aa879a51d22cc721bd095
https://conda.anaconda.org/conda-forge/win-64/yaml-0.2.5-h8ffe710_2.tar.bz2#adbfb9f45d1004a26763652246a33764
https://conda.anaconda.org/conda-forge/win-64/zlib-ng-2.2.4-hbb528cf_0.conda#b3f79c3f0a636672943b2fbcb9c52252
https://conda.anaconda.org/conda-forge/win-64/krb5-1.21.3-hdf4eb48_0.conda#31aec030344e962fbd7dbbbbd68e60a9
https://conda.anaconda.org/conda-forge/win-64/libssh2-1.11.1-h9aa295b_0.conda#9dce2f112bfd3400f4f432b3d0ac07b2
https://conda.anaconda.org/conda-forge/win-64/libxml2-2.13.8-h442d1da_0.conda#833c2dbc1a5020007b520b044c713ed3
https://conda.anaconda.org/conda-forge/win-64/python-3.10.18-h8c5b53a_0_cpython.conda#f1775dab55c8a073ebd024bfb2f689c1
https://conda.anaconda.org/conda-forge/win-64/zstd-1.5.7-hbeecb71_2.conda#21f56217d6125fb30c3c3f10c786d751
https://conda.anaconda.org/conda-forge/win-64/blosc-1.21.6-hfd34d9b_1.conda#357d7be4146d5fec543bfaa96a8a40de
https://conda.anaconda.org/conda-forge/win-64/c-blosc2-2.15.2-h9e57077_1.conda#5727aaf1e19824f9c4676add53fbd946
https://conda.anaconda.org/conda-forge/win-64/libcurl-8.14.1-h88aaa65_0.conda#836b9c08f34d2017dbcaec907c6a1138
https://conda.anaconda.org/conda-forge/win-64/libhwloc-2.11.2-default_ha69328c_1001.conda#b87a0ac5ab6495d8225db5dc72dd21cd
https://conda.anaconda.org/conda-forge/noarch/packaging-25.0-pyh29332c3_1.conda#58335b26c38bf4a20f399384c33cbcf9
https://conda.anaconda.org/conda-forge/noarch/py-cpuinfo-9.0.0-pyhd8ed1ab_1.conda#46830ee16925d5ed250850503b5dc3a8
https://conda.anaconda.org/conda-forge/noarch/python-tzdata-2025.2-pyhd8ed1ab_0.conda#88476ae6ebd24f39261e0854ac244f33
https://conda.anaconda.org/conda-forge/noarch/pytz-2025.2-pyhd8ed1ab_0.conda#bc8e3267d44011051f2eb14d22fb0960
https://conda.anaconda.org/conda-forge/win-64/pyyaml-6.0.2-py310h38315fa_2.conda#9986c3731bb820db0830dd0825c26cf9
https://conda.anaconda.org/conda-forge/noarch/setuptools-80.9.0-pyhff2d567_0.conda#4de79c071274a53dcaf2a8c749d1499e
https://conda.anaconda.org/conda-forge/noarch/six-1.17.0-pyhd8ed1ab_0.conda#a451d576819089b0d672f18768be0f65
https://conda.anaconda.org/conda-forge/noarch/toml-0.10.2-pyhd8ed1ab_1.conda#b0dd904de08b7db706167240bf37b164
https://conda.anaconda.org/conda-forge/noarch/toolz-1.0.0-pyhd8ed1ab_1.conda#40d0ed782a8aaa16ef248e68c06c168d
https://conda.anaconda.org/conda-forge/noarch/typing_extensions-4.14.1-pyhe01879c_0.conda#e523f4f1e980ed7a4240d7e27e9ec81f
https://conda.anaconda.org/conda-forge/noarch/wheel-0.45.1-pyhd8ed1ab_1.conda#75cb7132eb58d97896e173ef12ac9986
https://conda.anaconda.org/conda-forge/win-64/hdf5-1.14.4-nompi_hd5d9e70_105.conda#4381be33460283890c34341ecfa42d97
https://conda.anaconda.org/conda-forge/noarch/pip-25.1.1-pyh8b19718_0.conda#32d0781ace05105cc99af55d36cbec7c
https://conda.anaconda.org/conda-forge/noarch/python-dateutil-2.9.0.post0-pyhe01879c_2.conda#5b8d21249ff20967101ffa321cab24e8
https://conda.anaconda.org/conda-forge/win-64/tbb-2021.13.0-h62715c5_1.conda#9190dd0a23d925f7602f9628b3aed511
https://conda.anaconda.org/conda-forge/noarch/typing-extensions-4.14.1-h4440ef1_0.conda#75be1a943e0a7f99fcf118309092c635
https://conda.anaconda.org/conda-forge/noarch/typing-inspection-0.4.1-pyhd8ed1ab_0.conda#e0c3cd765dc15751ee2f0b03cd015712
https://conda.anaconda.org/conda-forge/noarch/annotated-types-0.7.0-pyhd8ed1ab_1.conda#2934f256a8acfe48f6ebb4fce6cde29c
https://conda.anaconda.org/conda-forge/win-64/mkl-2024.2.2-h66d3029_15.conda#302dff2807f2927b3e9e0d19d60121de
https://conda.anaconda.org/conda-forge/win-64/pydantic-core-2.33.2-py310hed05c55_0.conda#59065d98ab806083a5432d92073f1c75
https://conda.anaconda.org/conda-forge/win-64/libblas-3.9.0-32_h641d27c_mkl.conda#49b36a01450e96c516bbc5486d4a0ea0
https://conda.anaconda.org/conda-forge/noarch/pydantic-2.11.7-pyh3cfb1c2_0.conda#1b337e3d378cde62889bb735c024b7a2
https://conda.anaconda.org/conda-forge/win-64/libcblas-3.9.0-32_h5e41251_mkl.conda#054b9b4b48296e4413cf93e6ece7b27d
https://conda.anaconda.org/conda-forge/win-64/liblapack-3.9.0-32_h1aa476e_mkl.conda#1652285573db93afc3ba9b3b9356e3d3
https://conda.anaconda.org/conda-forge/win-64/numpy-2.2.6-py310h4987827_0.conda#d2596785ac2cf5bab04e2ee9e5d04041
https://conda.anaconda.org/conda-forge/win-64/numexpr-2.10.2-mkl_py310h11de614_0.conda#530ae55904147fedcfd698ab4f11d075
https://conda.anaconda.org/conda-forge/win-64/pandas-2.3.1-py310hed136d8_0.conda#2a47ff3717638f44c60bded4e6d43e9f
https://conda.anaconda.org/conda-forge/noarch/patsy-1.0.1-pyhd8ed1ab_1.conda#ee23fabfd0a8c6b8d6f3729b47b2859d
https://conda.anaconda.org/conda-forge/win-64/scipy-1.15.2-py310h15c175c_0.conda#81798168111d1021e3d815217c444418
https://conda.anaconda.org/conda-forge/win-64/pytables-3.10.1-py310h36d347b_4.conda#7db498c79b6d89af82a29b84f66dbc81
https://conda.anaconda.org/conda-forge/win-64/statsmodels-0.14.5-py310h8f3aa81_0.conda#2fc7c4bf01384e0a2782086c84235247
https://conda.anaconda.org/conda-forge/noarch/orca-1.8-pyhd8ed1ab_0.tar.bz2#e0c47f71ede4fc985baf2ad94b8cd099
