# Generated by conda-lock.
# platform: osx-64
# input_hash: 2a69472e11aa4805dd414ea28517e5e6d0e842e996518c366eabcae18f005c29
@EXPLICIT
https://conda.anaconda.org/conda-forge/osx-64/libev-4.33-h10d778d_2.conda#899db79329439820b7e8f8de41bca902
https://conda.anaconda.org/conda-forge/noarch/python_abi-3.10-7_cp310.conda#44e871cba2b162368476a84b8d040b6c
https://conda.anaconda.org/conda-forge/noarch/tzdata-2025b-h78e105d_0.conda#4222072737ccff51314b5ece9c7d6f5a
https://conda.anaconda.org/conda-forge/osx-64/yaml-0.2.5-h0d85af4_2.tar.bz2#d7e08fcf8259d742156188e8762b4d20
https://conda.anaconda.org/conda-forge/osx-64/bzip2-1.0.8-hfdf4475_7.conda#7ed4301d437b59045be7e051a0308211
https://conda.anaconda.org/conda-forge/osx-64/c-ares-1.34.5-hf13058a_0.conda#eafe5d9f1a8c514afe41e6e833f66dfd
https://conda.anaconda.org/conda-forge/noarch/ca-certificates-2025.7.14-hbd8a1cb_0.conda#d16c90324aef024877d8713c0b7fea5b
https://conda.anaconda.org/conda-forge/osx-64/libcxx-20.1.8-hf95d169_0.conda#8f8448b9b4cd3c698b822e0038d65940
https://conda.anaconda.org/conda-forge/osx-64/libexpat-2.7.0-h240833e_0.conda#026d0a1056ba2a3dbbea6d4b08188676
https://conda.anaconda.org/conda-forge/osx-64/libffi-3.4.6-h281671d_1.conda#4ca9ea59839a9ca8df84170fab4ceb41
https://conda.anaconda.org/conda-forge/osx-64/liblzma-5.8.1-hd471939_2.conda#8468beea04b9065b9807fc8b9cdc5894
https://conda.anaconda.org/conda-forge/osx-64/libzlib-1.3.1-hd23fc13_2.conda#003a54a4e32b02f7355b50a837e699da
https://conda.anaconda.org/conda-forge/osx-64/llvm-openmp-20.1.7-ha54dae1_0.conda#e240159643214102dc88395c4ecee9cf
https://conda.anaconda.org/conda-forge/osx-64/ncurses-6.5-h0622a9a_3.conda#ced34dd9929f491ca6dab6a2927aff25
https://conda.anaconda.org/conda-forge/osx-64/libaec-1.1.4-ha6bc127_0.conda#1a768b826dfc68e07786788d98babfc3
https://conda.anaconda.org/conda-forge/osx-64/libedit-3.1.20250104-pl5321ha958ccf_0.conda#1f4ed31220402fcddc083b4bff406868
https://conda.anaconda.org/conda-forge/osx-64/libgfortran5-14.2.0-h51e75f0_103.conda#6183f7e9cd1e7ba20118ff0ca20a05e5
https://conda.anaconda.org/conda-forge/osx-64/libsqlite-3.50.2-h39a8b3b_2.conda#065c33b28348792d77ff0d5571541d5e
https://conda.anaconda.org/conda-forge/osx-64/lz4-c-1.10.0-h240833e_1.conda#d6b9bd7e356abd7e3a633d59b753495a
https://conda.anaconda.org/conda-forge/osx-64/openssl-3.5.1-hc426f3f_0.conda#f1ac2dbc36ce2017bd8f471960b1261d
https://conda.anaconda.org/conda-forge/osx-64/readline-8.2-h7cca4af_2.conda#342570f8e02f2f022147a7f841475784
https://conda.anaconda.org/conda-forge/osx-64/snappy-1.2.1-haf3c120_1.conda#9d6ae6d5232233e1a01eb7db524078fb
https://conda.anaconda.org/conda-forge/osx-64/tk-8.6.13-hf689a15_2.conda#9864891a6946c2fe037c02fca7392ab4
https://conda.anaconda.org/conda-forge/osx-64/zlib-ng-2.2.4-h04d1b7c_0.conda#d64ff92dd092ae9647598e32827beef4
https://conda.anaconda.org/conda-forge/osx-64/zstd-1.5.7-h8210216_2.conda#cd60a4a5a8d6a476b30d8aa4bb49251a
https://conda.anaconda.org/conda-forge/osx-64/blosc-1.21.6-hd145fbb_1.conda#717852102c68a082992ce13a53403f9d
https://conda.anaconda.org/conda-forge/osx-64/c-blosc2-2.15.2-h62acda9_1.conda#8fdb33db5807c98a35837d0d29fc2609
https://conda.anaconda.org/conda-forge/osx-64/krb5-1.21.3-h37d8d59_0.conda#d4765c524b1d91567886bde656fb514b
https://conda.anaconda.org/conda-forge/osx-64/libgfortran-5.0.0-14_2_0_h51e75f0_103.conda#090b3c9ae1282c8f9b394ac9e4773b10
https://conda.anaconda.org/conda-forge/osx-64/libnghttp2-1.64.0-hc7306c3_0.conda#ab21007194b97beade22ceb7a3f6fee5
https://conda.anaconda.org/conda-forge/osx-64/libssh2-1.11.1-hed3591d_0.conda#a6cb15db1c2dc4d3a5f6cf3772e09e81
https://conda.anaconda.org/conda-forge/osx-64/python-3.10.18-h93e8a92_0_cpython.conda#00299cefe3c38a8e200db754c4f025c4
https://conda.anaconda.org/conda-forge/osx-64/libcurl-8.14.1-h5dec5d8_0.conda#8738cd19972c3599400404882ddfbc24
https://conda.anaconda.org/conda-forge/osx-64/libopenblas-0.3.30-openmp_hbf64a52_0.conda#29c54869a3c7d33b6a0add39c5a325fe
https://conda.anaconda.org/conda-forge/noarch/packaging-25.0-pyh29332c3_1.conda#58335b26c38bf4a20f399384c33cbcf9
https://conda.anaconda.org/conda-forge/noarch/py-cpuinfo-9.0.0-pyhd8ed1ab_1.conda#46830ee16925d5ed250850503b5dc3a8
https://conda.anaconda.org/conda-forge/noarch/python-tzdata-2025.2-pyhd8ed1ab_0.conda#88476ae6ebd24f39261e0854ac244f33
https://conda.anaconda.org/conda-forge/noarch/pytz-2025.2-pyhd8ed1ab_0.conda#bc8e3267d44011051f2eb14d22fb0960
https://conda.anaconda.org/conda-forge/osx-64/pyyaml-6.0.2-py310h8e2f543_2.conda#a421bbf2cdd0d7ec3357a01d2d48709e
https://conda.anaconda.org/conda-forge/noarch/setuptools-80.9.0-pyhff2d567_0.conda#4de79c071274a53dcaf2a8c749d1499e
https://conda.anaconda.org/conda-forge/noarch/six-1.17.0-pyhd8ed1ab_0.conda#a451d576819089b0d672f18768be0f65
https://conda.anaconda.org/conda-forge/noarch/toml-0.10.2-pyhd8ed1ab_1.conda#b0dd904de08b7db706167240bf37b164
https://conda.anaconda.org/conda-forge/noarch/toolz-1.0.0-pyhd8ed1ab_1.conda#40d0ed782a8aaa16ef248e68c06c168d
https://conda.anaconda.org/conda-forge/noarch/typing_extensions-4.14.1-pyhe01879c_0.conda#e523f4f1e980ed7a4240d7e27e9ec81f
https://conda.anaconda.org/conda-forge/noarch/wheel-0.45.1-pyhd8ed1ab_1.conda#75cb7132eb58d97896e173ef12ac9986
https://conda.anaconda.org/conda-forge/osx-64/hdf5-1.14.4-nompi_h1607680_105.conda#12ebafc40b10d4bf519e4c2074c52aef
https://conda.anaconda.org/conda-forge/osx-64/libblas-3.9.0-32_h7f60823_openblas.conda#0f7197e3b4ecfa8aa24a371c3eaabb8a
https://conda.anaconda.org/conda-forge/noarch/pip-25.1.1-pyh8b19718_0.conda#32d0781ace05105cc99af55d36cbec7c
https://conda.anaconda.org/conda-forge/noarch/python-dateutil-2.9.0.post0-pyhe01879c_2.conda#5b8d21249ff20967101ffa321cab24e8
https://conda.anaconda.org/conda-forge/noarch/typing-extensions-4.14.1-h4440ef1_0.conda#75be1a943e0a7f99fcf118309092c635
https://conda.anaconda.org/conda-forge/noarch/typing-inspection-0.4.1-pyhd8ed1ab_0.conda#e0c3cd765dc15751ee2f0b03cd015712
https://conda.anaconda.org/conda-forge/noarch/annotated-types-0.7.0-pyhd8ed1ab_1.conda#2934f256a8acfe48f6ebb4fce6cde29c
https://conda.anaconda.org/conda-forge/osx-64/libcblas-3.9.0-32_hff6cab4_openblas.conda#2c1e774d4546cf542eaee5781eb8940b
https://conda.anaconda.org/conda-forge/osx-64/liblapack-3.9.0-32_h236ab99_openblas.conda#ccdca0c0730ad795e064d81dbe540723
https://conda.anaconda.org/conda-forge/osx-64/pydantic-core-2.33.2-py310h4c9a074_0.conda#43e4bc735fcf38eafb875db21945a8b4
https://conda.anaconda.org/conda-forge/osx-64/numpy-2.2.6-py310h07c5b4d_0.conda#d79253493dcc76b95221588b98e1eb3c
https://conda.anaconda.org/conda-forge/noarch/pydantic-2.11.7-pyh3cfb1c2_0.conda#1b337e3d378cde62889bb735c024b7a2
https://conda.anaconda.org/conda-forge/osx-64/numexpr-2.10.2-py310h274bab7_0.conda#677d196ca53ccde173be8a207d8faf4a
https://conda.anaconda.org/conda-forge/osx-64/pandas-2.3.1-py310he8aef2f_0.conda#287063aef4afad093b07d5250abc88a9
https://conda.anaconda.org/conda-forge/noarch/patsy-1.0.1-pyhd8ed1ab_1.conda#ee23fabfd0a8c6b8d6f3729b47b2859d
https://conda.anaconda.org/conda-forge/osx-64/scipy-1.15.2-py310hef62574_0.conda#e79860e43d87b020a0254f0b3f5017c5
https://conda.anaconda.org/conda-forge/osx-64/pytables-3.10.1-py310hb5a30d5_4.conda#7127e2ce462de006fcecda8865dea964
https://conda.anaconda.org/conda-forge/osx-64/statsmodels-0.14.5-py310hc2764c8_0.conda#7c3508b303cc464e038b8031e18fdbd2
https://conda.anaconda.org/conda-forge/noarch/orca-1.8-pyhd8ed1ab_0.tar.bz2#e0c47f71ede4fc985baf2ad94b8cd099
